// !$*UTF8*$!
{
	archiveVersion = 1;
	classes = {
	};
	objectVersion = 55;
	objects = {

/* Begin PBXBuildFile section */
		3039C43C28EB1709001153A2 /* FinalGradeCalculatorApp.swift in Sources */ = {isa = PBXBuildFile; fileRef = 3039C43B28EB1709001153A2 /* FinalGradeCalculatorApp.swift */; };
		3039C43E28EB1709001153A2 /* ContentView.swift in Sources */ = {isa = PBXBuildFile; fileRef = 3039C43D28EB1709001153A2 /* ContentView.swift */; };
		3039C44028EB170B001153A2 /* Assets.xcassets in Resources */ = {isa = PBXBuildFile; fileRef = 3039C43F28EB170B001153A2 /* Assets.xcassets */; };
		3039C44328EB170B001153A2 /* Preview Assets.xcassets in Resources */ = {isa = PBXBuildFile; fileRef = 3039C44228EB170B001153A2 /* Preview Assets.xcassets */; };
		3039C44D28EB170B001153A2 /* FinalGradeCalculatorTests.swift in Sources */ = {isa = PBXBuildFile; fileRef = 3039C44C28EB170B001153A2 /* FinalGradeCalculatorTests.swift */; };
		3039C45728EB170B001153A2 /* FinalGradeCalculatorUITests.swift in Sources */ = {isa = PBXBuildFile; fileRef = 3039C45628EB170B001153A2 /* FinalGradeCalculatorUITests.swift */; };
		3039C45928EB170B001153A2 /* FinalGradeCalculatorUITestsLaunchTests.swift in Sources */ = {isa = PBXBuildFile; fileRef = 3039C45828EB170B001153A2 /* FinalGradeCalculatorUITestsLaunchTests.swift */; };
/* End PBXBuildFile section */

/* Begin PBXContainerItemProxy section */
		3039C44928EB170B001153A2 /* PBXContainerItemProxy */ = {
			isa = PBXContainerItemProxy;
			containerPortal = 3039C43028EB1709001153A2 /* Project object */;
			proxyType = 1;
			remoteGlobalIDString = 3039C43728EB1709001153A2;
			remoteInfo = FinalGradeCalculator;
		};
		3039C45328EB170B001153A2 /* PBXContainerItemProxy */ = {
			isa = PBXContainerItemProxy;
			containerPortal = 3039C43028EB1709001153A2 /* Project object */;
			proxyType = 1;
			remoteGlobalIDString = 3039C43728EB1709001153A2;
			remoteInfo = FinalGradeCalculator;
		};
/* End PBXContainerItemProxy section */

/* Begin PBXFileReference section */
		3039C43828EB1709001153A2 /* FinalGradeCalculator.app */ = {isa = PBXFileReference; explicitFileType = wrapper.application; includeInIndex = 0; path = FinalGradeCalculator.app; sourceTree = BUILT_PRODUCTS_DIR; };
		3039C43B28EB1709001153A2 /* FinalGradeCalculatorApp.swift */ = {isa = PBXFileReference; lastKnownFileType = sourcecode.swift; path = FinalGradeCalculatorApp.swift; sourceTree = "<group>"; };
		3039C43D28EB1709001153A2 /* ContentView.swift */ = {isa = PBXFileReference; lastKnownFileType = sourcecode.swift; path = ContentView.swift; sourceTree = "<group>"; };
		3039C43F28EB170B001153A2 /* Assets.xcassets */ = {isa = PBXFileReference; lastKnownFileType = folder.assetcatalog; path = Assets.xcassets; sourceTree = "<group>"; };
		3039C44228EB170B001153A2 /* Preview Assets.xcassets */ = {isa = PBXFileReference; lastKnownFileType = folder.assetcatalog; path = "Preview Assets.xcassets"; sourceTree = "<group>"; };
		3039C44828EB170B001153A2 /* FinalGradeCalculatorTests.xctest */ = {isa = PBXFileReference; explicitFileType = wrapper.cfbundle; includeInIndex = 0; path = FinalGradeCalculatorTests.xctest; sourceTree = BUILT_PRODUCTS_DIR; };
		3039C44C28EB170B001153A2 /* FinalGradeCalculatorTests.swift */ = {isa = PBXFileReference; lastKnownFileType = sourcecode.swift; path = FinalGradeCalculatorTests.swift; sourceTree = "<group>"; };
		3039C45228EB170B001153A2 /* FinalGradeCalculatorUITests.xctest */ = {isa = PBXFileReference; explicitFileType = wrapper.cfbundle; includeInIndex = 0; path = FinalGradeCalculatorUITests.xctest; sourceTree = BUILT_PRODUCTS_DIR; };
		3039C45628EB170B001153A2 /* FinalGradeCalculatorUITests.swift */ = {isa = PBXFileReference; lastKnownFileType = sourcecode.swift; path = FinalGradeCalculatorUITests.swift; sourceTree = "<group>"; };
		3039C45828EB170B001153A2 /* FinalGradeCalculatorUITestsLaunchTests.swift */ = {isa = PBXFileReference; lastKnownFileType = sourcecode.swift; path = FinalGradeCalculatorUITestsLaunchTests.swift; sourceTree = "<group>"; };
/* End PBXFileReference section */

/* Begin PBXFrameworksBuildPhase section */
		3039C43528EB1709001153A2 /* Frameworks */ = {
			isa = PBXFrameworksBuildPhase;
			buildActionMask = 2147483647;
			files = (
			);
			runOnlyForDeploymentPostprocessing = 0;
		};
		3039C44528EB170B001153A2 /* Frameworks */ = {
			isa = PBXFrameworksBuildPhase;
			buildActionMask = 2147483647;
			files = (
			);
			runOnlyForDeploymentPostprocessing = 0;
		};
		3039C44F28EB170B001153A2 /* Frameworks */ = {
			isa = PBXFrameworksBuildPhase;
			buildActionMask = 2147483647;
			files = (
			);
			runOnlyForDeploymentPostprocessing = 0;
		};
/* End PBXFrameworksBuildPhase section */

/* Begin PBXGroup section */
		3039C42F28EB1709001153A2 = {
			isa = PBXGroup;
			children = (
				3039C43A28EB1709001153A2 /* FinalGradeCalculator */,
				3039C44B28EB170B001153A2 /* FinalGradeCalculatorTests */,
				3039C45528EB170B001153A2 /* FinalGradeCalculatorUITests */,
				3039C43928EB1709001153A2 /* Products */,
			);
			sourceTree = "<group>";
		};
		3039C43928EB1709001153A2 /* Products */ = {
			isa = PBXGroup;
			children = (
				3039C43828EB1709001153A2 /* FinalGradeCalculator.app */,
				3039C44828EB170B001153A2 /* FinalGradeCalculatorTests.xctest */,
				3039C45228EB170B001153A2 /* FinalGradeCalculatorUITests.xctest */,
			);
			name = Products;
			sourceTree = "<group>";
		};
		3039C43A28EB1709001153A2 /* FinalGradeCalculator */ = {
			isa = PBXGroup;
			children = (
				3039C43B28EB1709001153A2 /* FinalGradeCalculatorApp.swift */,
				3039C43D28EB1709001153A2 /* ContentView.swift */,
				3039C43F28EB170B001153A2 /* Assets.xcassets */,
				3039C44128EB170B001153A2 /* Preview Content */,
			);
			path = FinalGradeCalculator;
			sourceTree = "<group>";
		};
		3039C44128EB170B001153A2 /* Preview Content */ = {
			isa = PBXGroup;
			children = (
				3039C44228EB170B001153A2 /* Preview Assets.xcassets */,
			);
			path = "Preview Content";
			sourceTree = "<group>";
		};
		3039C44B28EB170B001153A2 /* FinalGradeCalculatorTests */ = {
			isa = PBXGroup;
			children = (
				3039C44C28EB170B001153A2 /* FinalGradeCalculatorTests.swift */,
			);
			path = FinalGradeCalculatorTests;
			sourceTree = "<group>";
		};
		3039C45528EB170B001153A2 /* FinalGradeCalculatorUITests */ = {
			isa = PBXGroup;
			children = (
				3039C45628EB170B001153A2 /* FinalGradeCalculatorUITests.swift */,
				3039C45828EB170B001153A2 /* FinalGradeCalculatorUITestsLaunchTests.swift */,
			);
			path = FinalGradeCalculatorUITests;
			sourceTree = "<group>";
		};
/* End PBXGroup section */

/* Begin PBXNativeTarget section */
		3039C43728EB1709001153A2 /* FinalGradeCalculator */ = {
			isa = PBXNativeTarget;
			buildConfigurationList = 3039C45C28EB170B001153A2 /* Build configuration list for PBXNativeTarget "FinalGradeCalculator" */;
			buildPhases = (
				3039C43428EB1709001153A2 /* Sources */,
				3039C43528EB1709001153A2 /* Frameworks */,
				3039C43628EB1709001153A2 /* Resources */,
			);
			buildRules = (
			);
			dependencies = (
			);
			name = FinalGradeCalculator;
			productName = FinalGradeCalculator;
			productReference = 3039C43828EB1709001153A2 /* FinalGradeCalculator.app */;
			productType = "com.apple.product-type.application";
		};
		3039C44728EB170B001153A2 /* FinalGradeCalculatorTests */ = {
			isa = PBXNativeTarget;
			buildConfigurationList = 3039C45F28EB170B001153A2 /* Build configuration list for PBXNativeTarget "FinalGradeCalculatorTests" */;
			buildPhases = (
				3039C44428EB170B001153A2 /* Sources */,
				3039C44528EB170B001153A2 /* Frameworks */,
				3039C44628EB170B001153A2 /* Resources */,
			);
			buildRules = (
			);
			dependencies = (
				3039C44A28EB170B001153A2 /* PBXTargetDependency */,
			);
			name = FinalGradeCalculatorTests;
			productName = FinalGradeCalculatorTests;
			productReference = 3039C44828EB170B001153A2 /* FinalGradeCalculatorTests.xctest */;
			productType = "com.apple.product-type.bundle.unit-test";
		};
		3039C45128EB170B001153A2 /* FinalGradeCalculatorUITests */ = {
			isa = PBXNativeTarget;
			buildConfigurationList = 3039C46228EB170B001153A2 /* Build configuration list for PBXNativeTarget "FinalGradeCalculatorUITests" */;
			buildPhases = (
				3039C44E28EB170B001153A2 /* Sources */,
				3039C44F28EB170B001153A2 /* Frameworks */,
				3039C45028EB170B001153A2 /* Resources */,
			);
			buildRules = (
			);
			dependencies = (
				3039C45428EB170B001153A2 /* PBXTargetDependency */,
			);
			name = FinalGradeCalculatorUITests;
			productName = FinalGradeCalculatorUITests;
			productReference = 3039C45228EB170B001153A2 /* FinalGradeCalculatorUITests.xctest */;
			productType = "com.apple.product-type.bundle.ui-testing";
		};
/* End PBXNativeTarget section */

/* Begin PBXProject section */
		3039C43028EB1709001153A2 /* Project object */ = {
			isa = PBXProject;
			attributes = {
				BuildIndependentTargetsInParallel = 1;
				LastSwiftUpdateCheck = 1340;
				LastUpgradeCheck = 1340;
				TargetAttributes = {
					3039C43728EB1709001153A2 = {
						CreatedOnToolsVersion = 13.4.1;
					};
					3039C44728EB170B001153A2 = {
						CreatedOnToolsVersion = 13.4.1;
						TestTargetID = 3039C43728EB1709001153A2;
					};
					3039C45128EB170B001153A2 = {
						CreatedOnToolsVersion = 13.4.1;
						TestTargetID = 3039C43728EB1709001153A2;
					};
				};
			};
			buildConfigurationList = 3039C43328EB1709001153A2 /* Build configuration list for PBXProject "FinalGradeCalculator" */;
			compatibilityVersion = "Xcode 13.0";
			developmentRegion = en;
			hasScannedForEncodings = 0;
			knownRegions = (
				en,
				Base,
			);
			mainGroup = 3039C42F28EB1709001153A2;
			productRefGroup = 3039C43928EB1709001153A2 /* Products */;
			projectDirPath = "";
			projectRoot = "";
			targets = (
				3039C43728EB1709001153A2 /* FinalGradeCalculator */,
				3039C44728EB170B001153A2 /* FinalGradeCalculatorTests */,
				3039C45128EB170B001153A2 /* FinalGradeCalculatorUITests */,
			);
		};
/* End PBXProject section */

/* Begin PBXResourcesBuildPhase section */
		3039C43628EB1709001153A2 /* Resources */ = {
			isa = PBXResourcesBuildPhase;
			buildActionMask = 2147483647;
			files = (
				3039C44328EB170B001153A2 /* Preview Assets.xcassets in Resources */,
				3039C44028EB170B001153A2 /* Assets.xcassets in Resources */,
			);
			runOnlyForDeploymentPostprocessing = 0;
		};
		3039C44628EB170B001153A2 /* Resources */ = {
			isa = PBXResourcesBuildPhase;
			buildActionMask = 2147483647;
			files = (
			);
			runOnlyForDeploymentPostprocessing = 0;
		};
		3039C45028EB170B001153A2 /* Resources */ = {
			isa = PBXResourcesBuildPhase;
			buildActionMask = 2147483647;
			files = (
			);
			runOnlyForDeploymentPostprocessing = 0;
		};
/* End PBXResourcesBuildPhase section */

/* Begin PBXSourcesBuildPhase section */
		3039C43428EB1709001153A2 /* Sources */ = {
			isa = PBXSourcesBuildPhase;
			buildActionMask = 2147483647;
			files = (
				3039C43E28EB1709001153A2 /* ContentView.swift in Sources */,
				3039C43C28EB1709001153A2 /* FinalGradeCalculatorApp.swift in Sources */,
			);
			runOnlyForDeploymentPostprocessing = 0;
		};
		3039C44428EB170B001153A2 /* Sources */ = {
			isa = PBXSourcesBuildPhase;
			buildActionMask = 2147483647;
			files = (
				3039C44D28EB170B001153A2 /* FinalGradeCalculatorTests.swift in Sources */,
			);
			runOnlyForDeploymentPostprocessing = 0;
		};
		3039C44E28EB170B001153A2 /* Sources */ = {
			isa = PBXSourcesBuildPhase;
			buildActionMask = 2147483647;
			files = (
				3039C45728EB170B001153A2 /* FinalGradeCalculatorUITests.swift in Sources */,
				3039C45928EB170B001153A2 /* FinalGradeCalculatorUITestsLaunchTests.swift in Sources */,
			);
			runOnlyForDeploymentPostprocessing = 0;
		};
/* End PBXSourcesBuildPhase section */

/* Begin PBXTargetDependency section */
		3039C44A28EB170B001153A2 /* PBXTargetDependency */ = {
			isa = PBXTargetDependency;
			target = 3039C43728EB1709001153A2 /* FinalGradeCalculator */;
			targetProxy = 3039C44928EB170B001153A2 /* PBXContainerItemProxy */;
		};
		3039C45428EB170B001153A2 /* PBXTargetDependency */ = {
			isa = PBXTargetDependency;
			target = 3039C43728EB1709001153A2 /* FinalGradeCalculator */;
			targetProxy = 3039C45328EB170B001153A2 /* PBXContainerItemProxy */;
		};
/* End PBXTargetDependency section */

/* Begin XCBuildConfiguration section */
		3039C45A28EB170B001153A2 /* Debug */ = {
			isa = XCBuildConfiguration;
			buildSettings = {
				ALWAYS_SEARCH_USER_PATHS = NO;
				CLANG_ANALYZER_NONNULL = YES;
				CLANG_ANALYZER_NUMBER_OBJECT_CONVERSION = YES_AGGRESSIVE;
				CLANG_CXX_LANGUAGE_STANDARD = "gnu++17";
				CLANG_ENABLE_MODULES = YES;
				CLANG_ENABLE_OBJC_ARC = YES;
				CLANG_ENABLE_OBJC_WEAK = YES;
				CLANG_WARN_BLOCK_CAPTURE_AUTORELEASING = YES;
				CLANG_WARN_BOOL_CONVERSION = YES;
				CLANG_WARN_COMMA = YES;
				CLANG_WARN_CONSTANT_CONVERSION = YES;
				CLANG_WARN_DEPRECATED_OBJC_IMPLEMENTATIONS = YES;
				CLANG_WARN_DIRECT_OBJC_ISA_USAGE = YES_ERROR;
				CLANG_WARN_DOCUMENTATION_COMMENTS = YES;
				CLANG_WARN_EMPTY_BODY = YES;
				CLANG_WARN_ENUM_CONVERSION = YES;
				CLANG_WARN_INFINITE_RECURSION = YES;
				CLANG_WARN_INT_CONVERSION = YES;
				CLANG_WARN_NON_LITERAL_NULL_CONVERSION = YES;
				CLANG_WARN_OBJC_IMPLICIT_RETAIN_SELF = YES;
				CLANG_WARN_OBJC_LITERAL_CONVERSION = YES;
				CLANG_WARN_OBJC_ROOT_CLASS = YES_ERROR;
				CLANG_WARN_QUOTED_INCLUDE_IN_FRAMEWORK_HEADER = YES;
				CLANG_WARN_RANGE_LOOP_ANALYSIS = YES;
				CLANG_WARN_STRICT_PROTOTYPES = YES;
				CLANG_WARN_SUSPICIOUS_MOVE = YES;
				CLANG_WARN_UNGUARDED_AVAILABILITY = YES_AGGRESSIVE;
				CLANG_WARN_UNREACHABLE_CODE = YES;
				CLANG_WARN__DUPLICATE_METHOD_MATCH = YES;
				COPY_PHASE_STRIP = NO;
				DEBUG_INFORMATION_FORMAT = dwarf;
				ENABLE_STRICT_OBJC_MSGSEND = YES;
				ENABLE_TESTABILITY = YES;
				GCC_C_LANGUAGE_STANDARD = gnu11;
				GCC_DYNAMIC_NO_PIC = NO;
				GCC_NO_COMMON_BLOCKS = YES;
				GCC_OPTIMIZATION_LEVEL = 0;
				GCC_PREPROCESSOR_DEFINITIONS = (
					"DEBUG=1",
					"$(inherited)",
				);
				GCC_WARN_64_TO_32_BIT_CONVERSION = YES;
				GCC_WARN_ABOUT_RETURN_TYPE = YES_ERROR;
				GCC_WARN_UNDECLARED_SELECTOR = YES;
				GCC_WARN_UNINITIALIZED_AUTOS = YES_AGGRESSIVE;
				GCC_WARN_UNUSED_FUNCTION = YES;
				GCC_WARN_UNUSED_VARIABLE = YES;
				IPHONEOS_DEPLOYMENT_TARGET = 15.5;
				MTL_ENABLE_DEBUG_INFO = INCLUDE_SOURCE;
				MTL_FAST_MATH = YES;
				ONLY_ACTIVE_ARCH = YES;
				SDKROOT = iphoneos;
				SWIFT_ACTIVE_COMPILATION_CONDITIONS = DEBUG;
				SWIFT_OPTIMIZATION_LEVEL = "-Onone";
			};
			name = Debug;
		};
		3039C45B28EB170B001153A2 /* Release */ = {
			isa = XCBuildConfiguration;
			buildSettings = {
				ALWAYS_SEARCH_USER_PATHS = NO;
				CLANG_ANALYZER_NONNULL = YES;
				CLANG_ANALYZER_NUMBER_OBJECT_CONVERSION = YES_AGGRESSIVE;
				CLANG_CXX_LANGUAGE_STANDARD = "gnu++17";
				CLANG_ENABLE_MODULES = YES;
				CLANG_ENABLE_OBJC_ARC = YES;
				CLANG_ENABLE_OBJC_WEAK = YES;
				CLANG_WARN_BLOCK_CAPTURE_AUTORELEASING = YES;
				CLANG_WARN_BOOL_CONVERSION = YES;
				CLANG_WARN_COMMA = YES;
				CLANG_WARN_CONSTANT_CONVERSION = YES;
				CLANG_WARN_DEPRECATED_OBJC_IMPLEMENTATIONS = YES;
				CLANG_WARN_DIRECT_OBJC_ISA_USAGE = YES_ERROR;
				CLANG_WARN_DOCUMENTATION_COMMENTS = YES;
				CLANG_WARN_EMPTY_BODY = YES;
				CLANG_WARN_ENUM_CONVERSION = YES;
				CLANG_WARN_INFINITE_RECURSION = YES;
				CLANG_WARN_INT_CONVERSION = YES;
				CLANG_WARN_NON_LITERAL_NULL_CONVERSION = YES;
				CLANG_WARN_OBJC_IMPLICIT_RETAIN_SELF = YES;
				CLANG_WARN_OBJC_LITERAL_CONVERSION = YES;
				CLANG_WARN_OBJC_ROOT_CLASS = YES_ERROR;
				CLANG_WARN_QUOTED_INCLUDE_IN_FRAMEWORK_HEADER = YES;
				CLANG_WARN_RANGE_LOOP_ANALYSIS = YES;
				CLANG_WARN_STRICT_PROTOTYPES = YES;
				CLANG_WARN_SUSPICIOUS_MOVE = YES;
				CLANG_WARN_UNGUARDED_AVAILABILITY = YES_AGGRESSIVE;
				CLANG_WARN_UNREACHABLE_CODE = YES;
				CLANG_WARN__DUPLICATE_METHOD_MATCH = YES;
				COPY_PHASE_STRIP = NO;
				DEBUG_INFORMATION_FORMAT = "dwarf-with-dsym";
				ENABLE_NS_ASSERTIONS = NO;
				ENABLE_STRICT_OBJC_MSGSEND = YES;
				GCC_C_LANGUAGE_STANDARD = gnu11;
				GCC_NO_COMMON_BLOCKS = YES;
				GCC_WARN_64_TO_32_BIT_CONVERSION = YES;
				GCC_WARN_ABOUT_RETURN_TYPE = YES_ERROR;
				GCC_WARN_UNDECLARED_SELECTOR = YES;
				GCC_WARN_UNINITIALIZED_AUTOS = YES_AGGRESSIVE;
				GCC_WARN_UNUSED_FUNCTION = YES;
				GCC_WARN_UNUSED_VARIABLE = YES;
				IPHONEOS_DEPLOYMENT_TARGET = 15.5;
				MTL_ENABLE_DEBUG_INFO = NO;
				MTL_FAST_MATH = YES;
				SDKROOT = iphoneos;
				SWIFT_COMPILATION_MODE = wholemodule;
				SWIFT_OPTIMIZATION_LEVEL = "-O";
				VALIDATE_PRODUCT = YES;
			};
			name = Release;
		};
		3039C45D28EB170B001153A2 /* Debug */ = {
			isa = XCBuildConfiguration;
			buildSettings = {
				ASSETCATALOG_COMPILER_APPICON_NAME = AppIcon;
				ASSETCATALOG_COMPILER_GLOBAL_ACCENT_COLOR_NAME = AccentColor;
				CODE_SIGN_STYLE = Automatic;
				CURRENT_PROJECT_VERSION = 1;
				DEVELOPMENT_ASSET_PATHS = "\"FinalGradeCalculator/Preview Content\"";
				DEVELOPMENT_TEAM = NX45SC475G;
				ENABLE_PREVIEWS = YES;
				GENERATE_INFOPLIST_FILE = YES;
				INFOPLIST_KEY_UIApplicationSceneManifest_Generation = YES;
				INFOPLIST_KEY_UIApplicationSupportsIndirectInputEvents = YES;
				INFOPLIST_KEY_UILaunchScreen_Generation = YES;
				INFOPLIST_KEY_UISupportedInterfaceOrientations_iPad = "UIInterfaceOrientationPortrait UIInterfaceOrientationPortraitUpsideDown UIInterfaceOrientationLandscapeLeft UIInterfaceOrientationLandscapeRight";
				INFOPLIST_KEY_UISupportedInterfaceOrientations_iPhone = "UIInterfaceOrientationPortrait UIInterfaceOrientationLandscapeLeft UIInterfaceOrientationLandscapeRight";
				LD_RUNPATH_SEARCH_PATHS = (
					"$(inherited)",
					"@executable_path/Frameworks",
				);
				MARKETING_VERSION = 1.0;
				PRODUCT_BUNDLE_IDENTIFIER = MApps.FinalGradeCalculator;
				PRODUCT_NAME = "$(TARGET_NAME)";
				SWIFT_EMIT_LOC_STRINGS = YES;
				SWIFT_VERSION = 5.0;
				TARGETED_DEVICE_FAMILY = "1,2";
			};
			name = Debug;
		};
		3039C45E28EB170B001153A2 /* Release */ = {
			isa = XCBuildConfiguration;
			buildSettings = {
				ASSETCATALOG_COMPILER_APPICON_NAME = AppIcon;
				ASSETCATALOG_COMPILER_GLOBAL_ACCENT_COLOR_NAME = AccentColor;
				CODE_SIGN_STYLE = Automatic;
				CURRENT_PROJECT_VERSION = 1;
				DEVELOPMENT_ASSET_PATHS = "\"FinalGradeCalculator/Preview Content\"";
				DEVELOPMENT_TEAM = NX45SC475G;
				ENABLE_PREVIEWS = YES;
				GENERATE_INFOPLIST_FILE = YES;
				INFOPLIST_KEY_UIApplicationSceneManifest_Generation = YES;
				INFOPLIST_KEY_UIApplicationSupportsIndirectInputEvents = YES;
				INFOPLIST_KEY_UILaunchScreen_Generation = YES;
				INFOPLIST_KEY_UISupportedInterfaceOrientations_iPad = "UIInterfaceOrientationPortrait UIInterfaceOrientationPortraitUpsideDown UIInterfaceOrientationLandscapeLeft UIInterfaceOrientationLandscapeRight";
				INFOPLIST_KEY_UISupportedInterfaceOrientations_iPhone = "UIInterfaceOrientationPortrait UIInterfaceOrientationLandscapeLeft UIInterfaceOrientationLandscapeRight";
				LD_RUNPATH_SEARCH_PATHS = (
					"$(inherited)",
					"@executable_path/Frameworks",
				);
				MARKETING_VERSION = 1.0;
				PRODUCT_BUNDLE_IDENTIFIER = MApps.FinalGradeCalculator;
				PRODUCT_NAME = "$(TARGET_NAME)";
				SWIFT_EMIT_LOC_STRINGS = YES;
				SWIFT_VERSION = 5.0;
				TARGETED_DEVICE_FAMILY = "1,2";
			};
			name = Release;
		};
		3039C46028EB170B001153A2 /* Debug */ = {
			isa = XCBuildConfiguration;
			buildSettings = {
				ALWAYS_EMBED_SWIFT_STANDARD_LIBRARIES = YES;
				BUNDLE_LOADER = "$(TEST_HOST)";
				CODE_SIGN_STYLE = Automatic;
				CURRENT_PROJECT_VERSION = 1;
				DEVELOPMENT_TEAM = NX45SC475G;
				GENERATE_INFOPLIST_FILE = YES;
				IPHONEOS_DEPLOYMENT_TARGET = 15.5;
				MARKETING_VERSION = 1.0;
				PRODUCT_BUNDLE_IDENTIFIER = MApps.FinalGradeCalculatorTests;
				PRODUCT_NAME = "$(TARGET_NAME)";
				SWIFT_EMIT_LOC_STRINGS = NO;
				SWIFT_VERSION = 5.0;
				TARGETED_DEVICE_FAMILY = "1,2";
				TEST_HOST = "$(BUILT_PRODUCTS_DIR)/FinalGradeCalculator.app/FinalGradeCalculator";
			};
			name = Debug;
		};
		3039C46128EB170B001153A2 /* Release */ = {
			isa = XCBuildConfiguration;
			buildSettings = {
				ALWAYS_EMBED_SWIFT_STANDARD_LIBRARIES = YES;
				BUNDLE_LOADER = "$(TEST_HOST)";
				CODE_SIGN_STYLE = Automatic;
				CURRENT_PROJECT_VERSION = 1;
				DEVELOPMENT_TEAM = NX45SC475G;
				GENERATE_INFOPLIST_FILE = YES;
				IPHONEOS_DEPLOYMENT_TARGET = 15.5;
				MARKETING_VERSION = 1.0;
				PRODUCT_BUNDLE_IDENTIFIER = MApps.FinalGradeCalculatorTests;
				PRODUCT_NAME = "$(TARGET_NAME)";
				SWIFT_EMIT_LOC_STRINGS = NO;
				SWIFT_VERSION = 5.0;
				TARGETED_DEVICE_FAMILY = "1,2";
				TEST_HOST = "$(BUILT_PRODUCTS_DIR)/FinalGradeCalculator.app/FinalGradeCalculator";
			};
			name = Release;
		};
		3039C46328EB170B001153A2 /* Debug */ = {
			isa = XCBuildConfiguration;
			buildSettings = {
				ALWAYS_EMBED_SWIFT_STANDARD_LIBRARIES = YES;
				CODE_SIGN_STYLE = Automatic;
				CURRENT_PROJECT_VERSION = 1;
				DEVELOPMENT_TEAM = NX45SC475G;
				GENERATE_INFOPLIST_FILE = YES;
				MARKETING_VERSION = 1.0;
				PRODUCT_BUNDLE_IDENTIFIER = MApps.FinalGradeCalculatorUITests;
				PRODUCT_NAME = "$(TARGET_NAME)";
				SWIFT_EMIT_LOC_STRINGS = NO;
				SWIFT_VERSION = 5.0;
				TARGETED_DEVICE_FAMILY = "1,2";
				TEST_TARGET_NAME = FinalGradeCalculator;
			};
			name = Debug;
		};
		3039C46428EB170B001153A2 /* Release */ = {
			isa = XCBuildConfiguration;
			buildSettings = {
				ALWAYS_EMBED_SWIFT_STANDARD_LIBRARIES = YES;
				CODE_SIGN_STYLE = Automatic;
				CURRENT_PROJECT_VERSION = 1;
				DEVELOPMENT_TEAM = NX45SC475G;
				GENERATE_INFOPLIST_FILE = YES;
				MARKETING_VERSION = 1.0;
				PRODUCT_BUNDLE_IDENTIFIER = MApps.FinalGradeCalculatorUITests;
				PRODUCT_NAME = "$(TARGET_NAME)";
				SWIFT_EMIT_LOC_STRINGS = NO;
				SWIFT_VERSION = 5.0;
				TARGETED_DEVICE_FAMILY = "1,2";
				TEST_TARGET_NAME = FinalGradeCalculator;
			};
			name = Release;
		};
/* End XCBuildConfiguration section */

/* Begin XCConfigurationList section */
		3039C43328EB1709001153A2 /* Build configuration list for PBXProject "FinalGradeCalculator" */ = {
			isa = XCConfigurationList;
			buildConfigurations = (
				3039C45A28EB170B001153A2 /* Debug */,
				3039C45B28EB170B001153A2 /* Release */,
			);
			defaultConfigurationIsVisible = 0;
			defaultConfigurationName = Release;
		};
		3039C45C28EB170B001153A2 /* Build configuration list for PBXNativeTarget "FinalGradeCalculator" */ = {
			isa = XCConfigurationList;
			buildConfigurations = (
				3039C45D28EB170B001153A2 /* Debug */,
				3039C45E28EB170B001153A2 /* Release */,
			);
			defaultConfigurationIsVisible = 0;
			defaultConfigurationName = Release;
		};
		3039C45F28EB170B001153A2 /* Build configuration list for PBXNativeTarget "FinalGradeCalculatorTests" */ = {
			isa = XCConfigurationList;
			buildConfigurations = (
				3039C46028EB170B001153A2 /* Debug */,
				3039C46128EB170B001153A2 /* Release */,
			);
			defaultConfigurationIsVisible = 0;
			defaultConfigurationName = Release;
		};
		3039C46228EB170B001153A2 /* Build configuration list for PBXNativeTarget "FinalGradeCalculatorUITests" */ = {
			isa = XCConfigurationList;
			buildConfigurations = (
				3039C46328EB170B001153A2 /* Debug */,
				3039C46428EB170B001153A2 /* Release */,
			);
			defaultConfigurationIsVisible = 0;
			defaultConfigurationName = Release;
		};
/* End XCConfigurationList section */
	};
	rootObject = 3039C43028EB1709001153A2 /* Project object */;
}
